{
  "name": "ssb-mobile-bluetooth",
  "version": "1.0.2",
  "lockfileVersion": 1,
  "requires": true,
  "dependencies": {
    "async-limiter": {
      "version": "1.0.0",
      "resolved": "https://registry.npmjs.org/async-limiter/-/async-limiter-1.0.0.tgz",
      "integrity": "sha512-jp/uFnooOiO+L211eZOoSyzpOITMXx1rBITauYykG3BRYPu8h0UcxsPNB04RR5vo4Tyz3+ay17tR6JVf9qzYWg=="
    },
    "multiserver-bluetooth": {
      "version": "1.0.2",
      "resolved": "https://registry.npmjs.org/multiserver-bluetooth/-/multiserver-bluetooth-1.0.2.tgz",
      "integrity": "sha512-dBDSj42PqTCn3Af2LEyR6U8ErzDaQEKhz/2aGf0FL2aB3G1AeI7FqOYvf35l6RCfHe/rH1G9M07Tw+FKpzmraw=="
    },
    "pull-abortable": {
      "version": "4.1.1",
      "resolved": "https://registry.npmjs.org/pull-abortable/-/pull-abortable-4.1.1.tgz",
      "integrity": "sha1-s61a77QRayWRbSbbiTk6yY0NzqE="
    },
    "pull-pushable": {
      "version": "2.2.0",
      "resolved": "https://registry.npmjs.org/pull-pushable/-/pull-pushable-2.2.0.tgz",
      "integrity": "sha1-Xy867UethpGfAbEqLpnW8b13ZYE="
    },
    "pull-stream": {
      "version": "3.6.9",
      "resolved": "https://registry.npmjs.org/pull-stream/-/pull-stream-3.6.9.tgz",
      "integrity": "sha512-hJn4POeBrkttshdNl0AoSCVjMVSuBwuHocMerUdoZ2+oIUzrWHFTwJMlbHND7OiKLVgvz6TFj8ZUVywUMXccbw=="
    },
    "ssb-mobile-bluetooth-manager": {
      "version": "1.0.2",
      "resolved": "https://registry.npmjs.org/ssb-mobile-bluetooth-manager/-/ssb-mobile-bluetooth-manager-1.0.2.tgz",
      "integrity": "sha512-1zQWb6CrDvo/3sqSJZYlkwybUREiMwof6pr5lGu9w+ruQ9nA+Cbea5tncS859MOETEyZwQmmb4XQw3pa89TXMA==",
      "requires": {
        "pull-abortable": "4.1.1",
        "pull-pushable": "2.2.0",
        "pull-stream": "3.6.9",
        "ws": "6.0.0"
      },
      "dependencies": {
        "ws": {
          "version": "6.0.0",
          "resolved": "https://registry.npmjs.org/ws/-/ws-6.0.0.tgz",
          "integrity": "sha512-c2UlYcAZp1VS8AORtpq6y4RJIkJ9dQz18W32SpR/qXGfLDZ2jU4y4wKvvZwqbi7U6gxFQTeE+urMbXU/tsDy4w==",
          "requires": {
            "async-limiter": "1.0.0"
          }
        }
      }
    }
  }
}
